// !$*UTF8*$!
{
	archiveVersion = 1;
	classes = {
	};
	objectVersion = 77;
	objects = {

/* Begin PBXBuildFile section */
		420CD8413BAD9A82E1B75631 /* Pods_Podcast_SwiftUI.framework in Frameworks */ = {isa = PBXBuildFile; fileRef = 063DC97ABE881C3FE4AD0EA5 /* Pods_Podcast_SwiftUI.framework */; };
		454E03ADD4B64393E67B2A61 /* Pods_Podcast_SwiftUI_Podcast_SwiftUIUITests.framework in Frameworks */ = {isa = PBXBuildFile; fileRef = BADB3D472E45448A41DF9220 /* Pods_Podcast_SwiftUI_Podcast_SwiftUIUITests.framework */; };
		A4E9976068A902B70A960563 /* Pods_Podcast_SwiftUITests.framework in Frameworks */ = {isa = PBXBuildFile; fileRef = C585762CA870C3B5632F4E73 /* Pods_Podcast_SwiftUITests.framework */; };
/* End PBXBuildFile section */

/* Begin PBXContainerItemProxy section */
		6EDDF7602DFC9BF9009A80AA /* PBXContainerItemProxy */ = {
			isa = PBXContainerItemProxy;
			containerPortal = 6EDDF7472DFC9BF7009A80AA /* Project object */;
			proxyType = 1;
			remoteGlobalIDString = 6EDDF74E2DFC9BF7009A80AA;
			remoteInfo = "Podcast-SwiftUI";
		};
		6EDDF76A2DFC9BF9009A80AA /* PBXContainerItemProxy */ = {
			isa = PBXContainerItemProxy;
			containerPortal = 6EDDF7472DFC9BF7009A80AA /* Project object */;
			proxyType = 1;
			remoteGlobalIDString = 6EDDF74E2DFC9BF7009A80AA;
			remoteInfo = "Podcast-SwiftUI";
		};
/* End PBXContainerItemProxy section */

/* Begin PBXFileReference section */
		063DC97ABE881C3FE4AD0EA5 /* Pods_Podcast_SwiftUI.framework */ = {isa = PBXFileReference; explicitFileType = wrapper.framework; includeInIndex = 0; path = Pods_Podcast_SwiftUI.framework; sourceTree = BUILT_PRODUCTS_DIR; };
		16BD866BCA80BE0173DFA703 /* Pods-Podcast-SwiftUITests.debug.xcconfig */ = {isa = PBXFileReference; includeInIndex = 1; lastKnownFileType = text.xcconfig; name = "Pods-Podcast-SwiftUITests.debug.xcconfig"; path = "Target Support Files/Pods-Podcast-SwiftUITests/Pods-Podcast-SwiftUITests.debug.xcconfig"; sourceTree = "<group>"; };
		6EDDF74F2DFC9BF7009A80AA /* Podcast-SwiftUI.app */ = {isa = PBXFileReference; explicitFileType = wrapper.application; includeInIndex = 0; path = "Podcast-SwiftUI.app"; sourceTree = BUILT_PRODUCTS_DIR; };
		6EDDF75F2DFC9BF9009A80AA /* Podcast-SwiftUITests.xctest */ = {isa = PBXFileReference; explicitFileType = wrapper.cfbundle; includeInIndex = 0; path = "Podcast-SwiftUITests.xctest"; sourceTree = BUILT_PRODUCTS_DIR; };
		6EDDF7692DFC9BF9009A80AA /* Podcast-SwiftUIUITests.xctest */ = {isa = PBXFileReference; explicitFileType = wrapper.cfbundle; includeInIndex = 0; path = "Podcast-SwiftUIUITests.xctest"; sourceTree = BUILT_PRODUCTS_DIR; };
		8A6A2C0F4A4B2E0A0C977A0D /* Pods-Podcast-SwiftUI-Podcast-SwiftUIUITests.release.xcconfig */ = {isa = PBXFileReference; includeInIndex = 1; lastKnownFileType = text.xcconfig; name = "Pods-Podcast-SwiftUI-Podcast-SwiftUIUITests.release.xcconfig"; path = "Target Support Files/Pods-Podcast-SwiftUI-Podcast-SwiftUIUITests/Pods-Podcast-SwiftUI-Podcast-SwiftUIUITests.release.xcconfig"; sourceTree = "<group>"; };
		BADB3D472E45448A41DF9220 /* Pods_Podcast_SwiftUI_Podcast_SwiftUIUITests.framework */ = {isa = PBXFileReference; explicitFileType = wrapper.framework; includeInIndex = 0; path = Pods_Podcast_SwiftUI_Podcast_SwiftUIUITests.framework; sourceTree = BUILT_PRODUCTS_DIR; };
		C585762CA870C3B5632F4E73 /* Pods_Podcast_SwiftUITests.framework */ = {isa = PBXFileReference; explicitFileType = wrapper.framework; includeInIndex = 0; path = Pods_Podcast_SwiftUITests.framework; sourceTree = BUILT_PRODUCTS_DIR; };
		C89C994C260B65C2DCAC7394 /* Pods-Podcast-SwiftUI.debug.xcconfig */ = {isa = PBXFileReference; includeInIndex = 1; lastKnownFileType = text.xcconfig; name = "Pods-Podcast-SwiftUI.debug.xcconfig"; path = "Target Support Files/Pods-Podcast-SwiftUI/Pods-Podcast-SwiftUI.debug.xcconfig"; sourceTree = "<group>"; };
		EC8A04BB8A9BD5510EAAE0E0 /* Pods-Podcast-SwiftUITests.release.xcconfig */ = {isa = PBXFileReference; includeInIndex = 1; lastKnownFileType = text.xcconfig; name = "Pods-Podcast-SwiftUITests.release.xcconfig"; path = "Target Support Files/Pods-Podcast-SwiftUITests/Pods-Podcast-SwiftUITests.release.xcconfig"; sourceTree = "<group>"; };
		F19F1347482CBCED88297AC0 /* Pods-Podcast-SwiftUI-Podcast-SwiftUIUITests.debug.xcconfig */ = {isa = PBXFileReference; includeInIndex = 1; lastKnownFileType = text.xcconfig; name = "Pods-Podcast-SwiftUI-Podcast-SwiftUIUITests.debug.xcconfig"; path = "Target Support Files/Pods-Podcast-SwiftUI-Podcast-SwiftUIUITests/Pods-Podcast-SwiftUI-Podcast-SwiftUIUITests.debug.xcconfig"; sourceTree = "<group>"; };
		F817D57D0130BED972414DD1 /* Pods-Podcast-SwiftUI.release.xcconfig */ = {isa = PBXFileReference; includeInIndex = 1; lastKnownFileType = text.xcconfig; name = "Pods-Podcast-SwiftUI.release.xcconfig"; path = "Target Support Files/Pods-Podcast-SwiftUI/Pods-Podcast-SwiftUI.release.xcconfig"; sourceTree = "<group>"; };
/* End PBXFileReference section */

/* Begin PBXFileSystemSynchronizedRootGroup section */
		6EDDF7512DFC9BF7009A80AA /* Podcast-SwiftUI */ = {
			isa = PBXFileSystemSynchronizedRootGroup;
			path = "Podcast-SwiftUI";
			sourceTree = "<group>";
		};
		6EDDF7622DFC9BF9009A80AA /* Podcast-SwiftUITests */ = {
			isa = PBXFileSystemSynchronizedRootGroup;
			path = "Podcast-SwiftUITests";
			sourceTree = "<group>";
		};
		6EDDF76C2DFC9BF9009A80AA /* Podcast-SwiftUIUITests */ = {
			isa = PBXFileSystemSynchronizedRootGroup;
			path = "Podcast-SwiftUIUITests";
			sourceTree = "<group>";
		};
/* End PBXFileSystemSynchronizedRootGroup section */

/* Begin PBXFrameworksBuildPhase section */
		6EDDF74C2DFC9BF7009A80AA /* Frameworks */ = {
			isa = PBXFrameworksBuildPhase;
			buildActionMask = 2147483647;
			files = (
				420CD8413BAD9A82E1B75631 /* Pods_Podcast_SwiftUI.framework in Frameworks */,
			);
			runOnlyForDeploymentPostprocessing = 0;
		};
		6EDDF75C2DFC9BF9009A80AA /* Frameworks */ = {
			isa = PBXFrameworksBuildPhase;
			buildActionMask = 2147483647;
			files = (
				A4E9976068A902B70A960563 /* Pods_Podcast_SwiftUITests.framework in Frameworks */,
			);
			runOnlyForDeploymentPostprocessing = 0;
		};
		6EDDF7662DFC9BF9009A80AA /* Frameworks */ = {
			isa = PBXFrameworksBuildPhase;
			buildActionMask = 2147483647;
			files = (
				454E03ADD4B64393E67B2A61 /* Pods_Podcast_SwiftUI_Podcast_SwiftUIUITests.framework in Frameworks */,
			);
			runOnlyForDeploymentPostprocessing = 0;
		};
/* End PBXFrameworksBuildPhase section */

/* Begin PBXGroup section */
		6CEF47170FFA6FCE9D85438E /* Pods */ = {
			isa = PBXGroup;
			children = (
				C89C994C260B65C2DCAC7394 /* Pods-Podcast-SwiftUI.debug.xcconfig */,
				F817D57D0130BED972414DD1 /* Pods-Podcast-SwiftUI.release.xcconfig */,
				F19F1347482CBCED88297AC0 /* Pods-Podcast-SwiftUI-Podcast-SwiftUIUITests.debug.xcconfig */,
				8A6A2C0F4A4B2E0A0C977A0D /* Pods-Podcast-SwiftUI-Podcast-SwiftUIUITests.release.xcconfig */,
				16BD866BCA80BE0173DFA703 /* Pods-Podcast-SwiftUITests.debug.xcconfig */,
				EC8A04BB8A9BD5510EAAE0E0 /* Pods-Podcast-SwiftUITests.release.xcconfig */,
			);
			path = Pods;
			sourceTree = "<group>";
		};
		6EDDF7462DFC9BF7009A80AA = {
			isa = PBXGroup;
			children = (
				6EDDF7512DFC9BF7009A80AA /* Podcast-SwiftUI */,
				6EDDF7622DFC9BF9009A80AA /* Podcast-SwiftUITests */,
				6EDDF76C2DFC9BF9009A80AA /* Podcast-SwiftUIUITests */,
				6EDDF7502DFC9BF7009A80AA /* Products */,
				6CEF47170FFA6FCE9D85438E /* Pods */,
				BFAF09D004AF37DB9A0A62BA /* Frameworks */,
			);
			sourceTree = "<group>";
		};
		6EDDF7502DFC9BF7009A80AA /* Products */ = {
			isa = PBXGroup;
			children = (
				6EDDF74F2DFC9BF7009A80AA /* Podcast-SwiftUI.app */,
				6EDDF75F2DFC9BF9009A80AA /* Podcast-SwiftUITests.xctest */,
				6EDDF7692DFC9BF9009A80AA /* Podcast-SwiftUIUITests.xctest */,
			);
			name = Products;
			sourceTree = "<group>";
		};
		BFAF09D004AF37DB9A0A62BA /* Frameworks */ = {
			isa = PBXGroup;
			children = (
				063DC97ABE881C3FE4AD0EA5 /* Pods_Podcast_SwiftUI.framework */,
				BADB3D472E45448A41DF9220 /* Pods_Podcast_SwiftUI_Podcast_SwiftUIUITests.framework */,
				C585762CA870C3B5632F4E73 /* Pods_Podcast_SwiftUITests.framework */,
			);
			name = Frameworks;
			sourceTree = "<group>";
		};
/* End PBXGroup section */

/* Begin PBXNativeTarget section */
		6EDDF74E2DFC9BF7009A80AA /* Podcast-SwiftUI */ = {
			isa = PBXNativeTarget;
			buildConfigurationList = 6EDDF7732DFC9BF9009A80AA /* Build configuration list for PBXNativeTarget "Podcast-SwiftUI" */;
			buildPhases = (
				79C974FCB699793FDAB8D471 /* [CP] Check Pods Manifest.lock */,
				6EDDF74B2DFC9BF7009A80AA /* Sources */,
				6EDDF74C2DFC9BF7009A80AA /* Frameworks */,
				6EDDF74D2DFC9BF7009A80AA /* Resources */,
				B1002B37D0F33A9254AABB63 /* [CP] Embed Pods Frameworks */,
			);
			buildRules = (
			);
			dependencies = (
			);
			fileSystemSynchronizedGroups = (
				6EDDF7512DFC9BF7009A80AA /* Podcast-SwiftUI */,
			);
			name = "Podcast-SwiftUI";
			productName = "Podcast-SwiftUI";
			productReference = 6EDDF74F2DFC9BF7009A80AA /* Podcast-SwiftUI.app */;
			productType = "com.apple.product-type.application";
		};
		6EDDF75E2DFC9BF9009A80AA /* Podcast-SwiftUITests */ = {
			isa = PBXNativeTarget;
			buildConfigurationList = 6EDDF7762DFC9BF9009A80AA /* Build configuration list for PBXNativeTarget "Podcast-SwiftUITests" */;
			buildPhases = (
				80A5883AA6380FBABF7B81C0 /* [CP] Check Pods Manifest.lock */,
				6EDDF75B2DFC9BF9009A80AA /* Sources */,
				6EDDF75C2DFC9BF9009A80AA /* Frameworks */,
				6EDDF75D2DFC9BF9009A80AA /* Resources */,
			);
			buildRules = (
			);
			dependencies = (
				6EDDF7612DFC9BF9009A80AA /* PBXTargetDependency */,
			);
			fileSystemSynchronizedGroups = (
				6EDDF7622DFC9BF9009A80AA /* Podcast-SwiftUITests */,
			);
			name = "Podcast-SwiftUITests";
			productName = "Podcast-SwiftUITests";
			productReference = 6EDDF75F2DFC9BF9009A80AA /* Podcast-SwiftUITests.xctest */;
			productType = "com.apple.product-type.bundle.unit-test";
		};
		6EDDF7682DFC9BF9009A80AA /* Podcast-SwiftUIUITests */ = {
			isa = PBXNativeTarget;
			buildConfigurationList = 6EDDF7792DFC9BF9009A80AA /* Build configuration list for PBXNativeTarget "Podcast-SwiftUIUITests" */;
			buildPhases = (
				AD8092D766552EC9EC930EB7 /* [CP] Check Pods Manifest.lock */,
				6EDDF7652DFC9BF9009A80AA /* Sources */,
				6EDDF7662DFC9BF9009A80AA /* Frameworks */,
				6EDDF7672DFC9BF9009A80AA /* Resources */,
				333CD12ECF5C2B5D66CD1B66 /* [CP] Embed Pods Frameworks */,
			);
			buildRules = (
			);
			dependencies = (
				6EDDF76B2DFC9BF9009A80AA /* PBXTargetDependency */,
			);
			fileSystemSynchronizedGroups = (
				6EDDF76C2DFC9BF9009A80AA /* Podcast-SwiftUIUITests */,
			);
			name = "Podcast-SwiftUIUITests";
			productName = "Podcast-SwiftUIUITests";
			productReference = 6EDDF7692DFC9BF9009A80AA /* Podcast-SwiftUIUITests.xctest */;
			productType = "com.apple.product-type.bundle.ui-testing";
		};
/* End PBXNativeTarget section */

/* Begin PBXProject section */
		6EDDF7472DFC9BF7009A80AA /* Project object */ = {
			isa = PBXProject;
			attributes = {
				BuildIndependentTargetsInParallel = 1;
				LastSwiftUpdateCheck = 1620;
				LastUpgradeCheck = 1620;
				TargetAttributes = {
					6EDDF74E2DFC9BF7009A80AA = {
						CreatedOnToolsVersion = 16.2;
					};
					6EDDF75E2DFC9BF9009A80AA = {
						CreatedOnToolsVersion = 16.2;
						TestTargetID = 6EDDF74E2DFC9BF7009A80AA;
					};
					6EDDF7682DFC9BF9009A80AA = {
						CreatedOnToolsVersion = 16.2;
						TestTargetID = 6EDDF74E2DFC9BF7009A80AA;
					};
				};
			};
			buildConfigurationList = 6EDDF74A2DFC9BF7009A80AA /* Build configuration list for PBXProject "Podcast-SwiftUI" */;
			developmentRegion = en;
			hasScannedForEncodings = 0;
			knownRegions = (
				en,
				Base,
			);
			mainGroup = 6EDDF7462DFC9BF7009A80AA;
			minimizedProjectReferenceProxies = 1;
			preferredProjectObjectVersion = 77;
			productRefGroup = 6EDDF7502DFC9BF7009A80AA /* Products */;
			projectDirPath = "";
			projectRoot = "";
			targets = (
				6EDDF74E2DFC9BF7009A80AA /* Podcast-SwiftUI */,
				6EDDF75E2DFC9BF9009A80AA /* Podcast-SwiftUITests */,
				6EDDF7682DFC9BF9009A80AA /* Podcast-SwiftUIUITests */,
			);
		};
/* End PBXProject section */

/* Begin PBXResourcesBuildPhase section */
		6EDDF74D2DFC9BF7009A80AA /* Resources */ = {
			isa = PBXResourcesBuildPhase;
			buildActionMask = 2147483647;
			files = (
			);
			runOnlyForDeploymentPostprocessing = 0;
		};
		6EDDF75D2DFC9BF9009A80AA /* Resources */ = {
			isa = PBXResourcesBuildPhase;
			buildActionMask = 2147483647;
			files = (
			);
			runOnlyForDeploymentPostprocessing = 0;
		};
		6EDDF7672DFC9BF9009A80AA /* Resources */ = {
			isa = PBXResourcesBuildPhase;
			buildActionMask = 2147483647;
			files = (
			);
			runOnlyForDeploymentPostprocessing = 0;
		};
/* End PBXResourcesBuildPhase section */

/* Begin PBXShellScriptBuildPhase section */
		333CD12ECF5C2B5D66CD1B66 /* [CP] Embed Pods Frameworks */ = {
			isa = PBXShellScriptBuildPhase;
			buildActionMask = 2147483647;
			files = (
			);
			inputFileListPaths = (
				"${PODS_ROOT}/Target Support Files/Pods-Podcast-SwiftUI-Podcast-SwiftUIUITests/Pods-Podcast-SwiftUI-Podcast-SwiftUIUITests-frameworks-${CONFIGURATION}-input-files.xcfilelist",
			);
			name = "[CP] Embed Pods Frameworks";
			outputFileListPaths = (
				"${PODS_ROOT}/Target Support Files/Pods-Podcast-SwiftUI-Podcast-SwiftUIUITests/Pods-Podcast-SwiftUI-Podcast-SwiftUIUITests-frameworks-${CONFIGURATION}-output-files.xcfilelist",
			);
			runOnlyForDeploymentPostprocessing = 0;
			shellPath = /bin/sh;
			shellScript = "\"${PODS_ROOT}/Target Support Files/Pods-Podcast-SwiftUI-Podcast-SwiftUIUITests/Pods-Podcast-SwiftUI-Podcast-SwiftUIUITests-frameworks.sh\"\n";
			showEnvVarsInLog = 0;
		};
		79C974FCB699793FDAB8D471 /* [CP] Check Pods Manifest.lock */ = {
			isa = PBXShellScriptBuildPhase;
			buildActionMask = 2147483647;
			files = (
			);
			inputFileListPaths = (
			);
			inputPaths = (
				"${PODS_PODFILE_DIR_PATH}/Podfile.lock",
				"${PODS_ROOT}/Manifest.lock",
			);
			name = "[CP] Check Pods Manifest.lock";
			outputFileListPaths = (
			);
			outputPaths = (
				"$(DERIVED_FILE_DIR)/Pods-Podcast-SwiftUI-checkManifestLockResult.txt",
			);
			runOnlyForDeploymentPostprocessing = 0;
			shellPath = /bin/sh;
			shellScript = "diff \"${PODS_PODFILE_DIR_PATH}/Podfile.lock\" \"${PODS_ROOT}/Manifest.lock\" > /dev/null\nif [ $? != 0 ] ; then\n    # print error to STDERR\n    echo \"error: The sandbox is not in sync with the Podfile.lock. Run 'pod install' or update your CocoaPods installation.\" >&2\n    exit 1\nfi\n# This output is used by Xcode 'outputs' to avoid re-running this script phase.\necho \"SUCCESS\" > \"${SCRIPT_OUTPUT_FILE_0}\"\n";
			showEnvVarsInLog = 0;
		};
		80A5883AA6380FBABF7B81C0 /* [CP] Check Pods Manifest.lock */ = {
			isa = PBXShellScriptBuildPhase;
			buildActionMask = 2147483647;
			files = (
			);
			inputFileListPaths = (
			);
			inputPaths = (
				"${PODS_PODFILE_DIR_PATH}/Podfile.lock",
				"${PODS_ROOT}/Manifest.lock",
			);
			name = "[CP] Check Pods Manifest.lock";
			outputFileListPaths = (
			);
			outputPaths = (
				"$(DERIVED_FILE_DIR)/Pods-Podcast-SwiftUITests-checkManifestLockResult.txt",
			);
			runOnlyForDeploymentPostprocessing = 0;
			shellPath = /bin/sh;
			shellScript = "diff \"${PODS_PODFILE_DIR_PATH}/Podfile.lock\" \"${PODS_ROOT}/Manifest.lock\" > /dev/null\nif [ $? != 0 ] ; then\n    # print error to STDERR\n    echo \"error: The sandbox is not in sync with the Podfile.lock. Run 'pod install' or update your CocoaPods installation.\" >&2\n    exit 1\nfi\n# This output is used by Xcode 'outputs' to avoid re-running this script phase.\necho \"SUCCESS\" > \"${SCRIPT_OUTPUT_FILE_0}\"\n";
			showEnvVarsInLog = 0;
		};
		AD8092D766552EC9EC930EB7 /* [CP] Check Pods Manifest.lock */ = {
			isa = PBXShellScriptBuildPhase;
			buildActionMask = 2147483647;
			files = (
			);
			inputFileListPaths = (
			);
			inputPaths = (
				"${PODS_PODFILE_DIR_PATH}/Podfile.lock",
				"${PODS_ROOT}/Manifest.lock",
			);
			name = "[CP] Check Pods Manifest.lock";
			outputFileListPaths = (
			);
			outputPaths = (
				"$(DERIVED_FILE_DIR)/Pods-Podcast-SwiftUI-Podcast-SwiftUIUITests-checkManifestLockResult.txt",
			);
			runOnlyForDeploymentPostprocessing = 0;
			shellPath = /bin/sh;
			shellScript = "diff \"${PODS_PODFILE_DIR_PATH}/Podfile.lock\" \"${PODS_ROOT}/Manifest.lock\" > /dev/null\nif [ $? != 0 ] ; then\n    # print error to STDERR\n    echo \"error: The sandbox is not in sync with the Podfile.lock. Run 'pod install' or update your CocoaPods installation.\" >&2\n    exit 1\nfi\n# This output is used by Xcode 'outputs' to avoid re-running this script phase.\necho \"SUCCESS\" > \"${SCRIPT_OUTPUT_FILE_0}\"\n";
			showEnvVarsInLog = 0;
		};
		B1002B37D0F33A9254AABB63 /* [CP] Embed Pods Frameworks */ = {
			isa = PBXShellScriptBuildPhase;
			buildActionMask = 2147483647;
			files = (
			);
			inputFileListPaths = (
				"${PODS_ROOT}/Target Support Files/Pods-Podcast-SwiftUI/Pods-Podcast-SwiftUI-frameworks-${CONFIGURATION}-input-files.xcfilelist",
			);
			name = "[CP] Embed Pods Frameworks";
			outputFileListPaths = (
				"${PODS_ROOT}/Target Support Files/Pods-Podcast-SwiftUI/Pods-Podcast-SwiftUI-frameworks-${CONFIGURATION}-output-files.xcfilelist",
			);
			runOnlyForDeploymentPostprocessing = 0;
			shellPath = /bin/sh;
			shellScript = "\"${PODS_ROOT}/Target Support Files/Pods-Podcast-SwiftUI/Pods-Podcast-SwiftUI-frameworks.sh\"\n";
			showEnvVarsInLog = 0;
		};
/* End PBXShellScriptBuildPhase section */

/* Begin PBXSourcesBuildPhase section */
		6EDDF74B2DFC9BF7009A80AA /* Sources */ = {
			isa = PBXSourcesBuildPhase;
			buildActionMask = 2147483647;
			files = (
			);
			runOnlyForDeploymentPostprocessing = 0;
		};
		6EDDF75B2DFC9BF9009A80AA /* Sources */ = {
			isa = PBXSourcesBuildPhase;
			buildActionMask = 2147483647;
			files = (
			);
			runOnlyForDeploymentPostprocessing = 0;
		};
		6EDDF7652DFC9BF9009A80AA /* Sources */ = {
			isa = PBXSourcesBuildPhase;
			buildActionMask = 2147483647;
			files = (
			);
			runOnlyForDeploymentPostprocessing = 0;
		};
/* End PBXSourcesBuildPhase section */

/* Begin PBXTargetDependency section */
		6EDDF7612DFC9BF9009A80AA /* PBXTargetDependency */ = {
			isa = PBXTargetDependency;
			target = 6EDDF74E2DFC9BF7009A80AA /* Podcast-SwiftUI */;
			targetProxy = 6EDDF7602DFC9BF9009A80AA /* PBXContainerItemProxy */;
		};
		6EDDF76B2DFC9BF9009A80AA /* PBXTargetDependency */ = {
			isa = PBXTargetDependency;
			target = 6EDDF74E2DFC9BF7009A80AA /* Podcast-SwiftUI */;
			targetProxy = 6EDDF76A2DFC9BF9009A80AA /* PBXContainerItemProxy */;
		};
/* End PBXTargetDependency section */

/* Begin XCBuildConfiguration section */
		6EDDF7712DFC9BF9009A80AA /* Debug */ = {
			isa = XCBuildConfiguration;
			buildSettings = {
				ALWAYS_SEARCH_USER_PATHS = NO;
				ASSETCATALOG_COMPILER_GENERATE_SWIFT_ASSET_SYMBOL_EXTENSIONS = YES;
				CLANG_ANALYZER_NONNULL = YES;
				CLANG_ANALYZER_NUMBER_OBJECT_CONVERSION = YES_AGGRESSIVE;
				CLANG_CXX_LANGUAGE_STANDARD = "gnu++20";
				CLANG_ENABLE_MODULES = YES;
				CLANG_ENABLE_OBJC_ARC = YES;
				CLANG_ENABLE_OBJC_WEAK = YES;
				CLANG_WARN_BLOCK_CAPTURE_AUTORELEASING = YES;
				CLANG_WARN_BOOL_CONVERSION = YES;
				CLANG_WARN_COMMA = YES;
				CLANG_WARN_CONSTANT_CONVERSION = YES;
				CLANG_WARN_DEPRECATED_OBJC_IMPLEMENTATIONS = YES;
				CLANG_WARN_DIRECT_OBJC_ISA_USAGE = YES_ERROR;
				CLANG_WARN_DOCUMENTATION_COMMENTS = YES;
				CLANG_WARN_EMPTY_BODY = YES;
				CLANG_WARN_ENUM_CONVERSION = YES;
				CLANG_WARN_INFINITE_RECURSION = YES;
				CLANG_WARN_INT_CONVERSION = YES;
				CLANG_WARN_NON_LITERAL_NULL_CONVERSION = YES;
				CLANG_WARN_OBJC_IMPLICIT_RETAIN_SELF = YES;
				CLANG_WARN_OBJC_LITERAL_CONVERSION = YES;
				CLANG_WARN_OBJC_ROOT_CLASS = YES_ERROR;
				CLANG_WARN_QUOTED_INCLUDE_IN_FRAMEWORK_HEADER = YES;
				CLANG_WARN_RANGE_LOOP_ANALYSIS = YES;
				CLANG_WARN_STRICT_PROTOTYPES = YES;
				CLANG_WARN_SUSPICIOUS_MOVE = YES;
				CLANG_WARN_UNGUARDED_AVAILABILITY = YES_AGGRESSIVE;
				CLANG_WARN_UNREACHABLE_CODE = YES;
				CLANG_WARN__DUPLICATE_METHOD_MATCH = YES;
				COPY_PHASE_STRIP = NO;
				DEBUG_INFORMATION_FORMAT = dwarf;
				ENABLE_STRICT_OBJC_MSGSEND = YES;
				ENABLE_TESTABILITY = YES;
				ENABLE_USER_SCRIPT_SANDBOXING = YES;
				GCC_C_LANGUAGE_STANDARD = gnu17;
				GCC_DYNAMIC_NO_PIC = NO;
				GCC_NO_COMMON_BLOCKS = YES;
				GCC_OPTIMIZATION_LEVEL = 0;
				GCC_PREPROCESSOR_DEFINITIONS = (
					"DEBUG=1",
					"$(inherited)",
				);
				GCC_WARN_64_TO_32_BIT_CONVERSION = YES;
				GCC_WARN_ABOUT_RETURN_TYPE = YES_ERROR;
				GCC_WARN_UNDECLARED_SELECTOR = YES;
				GCC_WARN_UNINITIALIZED_AUTOS = YES_AGGRESSIVE;
				GCC_WARN_UNUSED_FUNCTION = YES;
				GCC_WARN_UNUSED_VARIABLE = YES;
				IPHONEOS_DEPLOYMENT_TARGET = 18.2;
				LOCALIZATION_PREFERS_STRING_CATALOGS = YES;
				MTL_ENABLE_DEBUG_INFO = INCLUDE_SOURCE;
				MTL_FAST_MATH = YES;
				ONLY_ACTIVE_ARCH = YES;
				SDKROOT = iphoneos;
				SWIFT_ACTIVE_COMPILATION_CONDITIONS = "DEBUG $(inherited)";
				SWIFT_OPTIMIZATION_LEVEL = "-Onone";
			};
			name = Debug;
		};
		6EDDF7722DFC9BF9009A80AA /* Release */ = {
			isa = XCBuildConfiguration;
			buildSettings = {
				ALWAYS_SEARCH_USER_PATHS = NO;
				ASSETCATALOG_COMPILER_GENERATE_SWIFT_ASSET_SYMBOL_EXTENSIONS = YES;
				CLANG_ANALYZER_NONNULL = YES;
				CLANG_ANALYZER_NUMBER_OBJECT_CONVERSION = YES_AGGRESSIVE;
				CLANG_CXX_LANGUAGE_STANDARD = "gnu++20";
				CLANG_ENABLE_MODULES = YES;
				CLANG_ENABLE_OBJC_ARC = YES;
				CLANG_ENABLE_OBJC_WEAK = YES;
				CLANG_WARN_BLOCK_CAPTURE_AUTORELEASING = YES;
				CLANG_WARN_BOOL_CONVERSION = YES;
				CLANG_WARN_COMMA = YES;
				CLANG_WARN_CONSTANT_CONVERSION = YES;
				CLANG_WARN_DEPRECATED_OBJC_IMPLEMENTATIONS = YES;
				CLANG_WARN_DIRECT_OBJC_ISA_USAGE = YES_ERROR;
				CLANG_WARN_DOCUMENTATION_COMMENTS = YES;
				CLANG_WARN_EMPTY_BODY = YES;
				CLANG_WARN_ENUM_CONVERSION = YES;
				CLANG_WARN_INFINITE_RECURSION = YES;
				CLANG_WARN_INT_CONVERSION = YES;
				CLANG_WARN_NON_LITERAL_NULL_CONVERSION = YES;
				CLANG_WARN_OBJC_IMPLICIT_RETAIN_SELF = YES;
				CLANG_WARN_OBJC_LITERAL_CONVERSION = YES;
				CLANG_WARN_OBJC_ROOT_CLASS = YES_ERROR;
				CLANG_WARN_QUOTED_INCLUDE_IN_FRAMEWORK_HEADER = YES;
				CLANG_WARN_RANGE_LOOP_ANALYSIS = YES;
				CLANG_WARN_STRICT_PROTOTYPES = YES;
				CLANG_WARN_SUSPICIOUS_MOVE = YES;
				CLANG_WARN_UNGUARDED_AVAILABILITY = YES_AGGRESSIVE;
				CLANG_WARN_UNREACHABLE_CODE = YES;
				CLANG_WARN__DUPLICATE_METHOD_MATCH = YES;
				COPY_PHASE_STRIP = NO;
				DEBUG_INFORMATION_FORMAT = "dwarf-with-dsym";
				ENABLE_NS_ASSERTIONS = NO;
				ENABLE_STRICT_OBJC_MSGSEND = YES;
				ENABLE_USER_SCRIPT_SANDBOXING = YES;
				GCC_C_LANGUAGE_STANDARD = gnu17;
				GCC_NO_COMMON_BLOCKS = YES;
				GCC_WARN_64_TO_32_BIT_CONVERSION = YES;
				GCC_WARN_ABOUT_RETURN_TYPE = YES_ERROR;
				GCC_WARN_UNDECLARED_SELECTOR = YES;
				GCC_WARN_UNINITIALIZED_AUTOS = YES_AGGRESSIVE;
				GCC_WARN_UNUSED_FUNCTION = YES;
				GCC_WARN_UNUSED_VARIABLE = YES;
				IPHONEOS_DEPLOYMENT_TARGET = 18.2;
				LOCALIZATION_PREFERS_STRING_CATALOGS = YES;
				MTL_ENABLE_DEBUG_INFO = NO;
				MTL_FAST_MATH = YES;
				SDKROOT = iphoneos;
				SWIFT_COMPILATION_MODE = wholemodule;
				VALIDATE_PRODUCT = YES;
			};
			name = Release;
		};
		6EDDF7742DFC9BF9009A80AA /* Debug */ = {
			isa = XCBuildConfiguration;
			baseConfigurationReference = C89C994C260B65C2DCAC7394 /* Pods-Podcast-SwiftUI.debug.xcconfig */;
			buildSettings = {
				ASSETCATALOG_COMPILER_APPICON_NAME = AppIcon;
				ASSETCATALOG_COMPILER_GLOBAL_ACCENT_COLOR_NAME = AccentColor;
				CODE_SIGN_STYLE = Automatic;
				CURRENT_PROJECT_VERSION = 1;
				DEVELOPMENT_ASSET_PATHS = "\"Podcast-SwiftUI/Preview Content\"";
				ENABLE_PREVIEWS = YES;
				ENABLE_USER_SCRIPT_SANDBOXING = NO;
				GENERATE_INFOPLIST_FILE = YES;
				INFOPLIST_KEY_UIApplicationSceneManifest_Generation = YES;
				INFOPLIST_KEY_UIApplicationSupportsIndirectInputEvents = YES;
				INFOPLIST_KEY_UILaunchScreen_Generation = YES;
				INFOPLIST_KEY_UISupportedInterfaceOrientations_iPad = "UIInterfaceOrientationPortrait UIInterfaceOrientationPortraitUpsideDown UIInterfaceOrientationLandscapeLeft UIInterfaceOrientationLandscapeRight";
				INFOPLIST_KEY_UISupportedInterfaceOrientations_iPhone = "UIInterfaceOrientationPortrait UIInterfaceOrientationLandscapeLeft UIInterfaceOrientationLandscapeRight";
				LD_RUNPATH_SEARCH_PATHS = (
					"$(inherited)",
					"@executable_path/Frameworks",
				);
				MARKETING_VERSION = 1.0;
				PRODUCT_BUNDLE_IDENTIFIER = "com.practice.Podcast-SwiftUI";
				PRODUCT_NAME = "$(TARGET_NAME)";
				SWIFT_EMIT_LOC_STRINGS = YES;
				SWIFT_VERSION = 5.0;
				TARGETED_DEVICE_FAMILY = "1,2";
			};
			name = Debug;
		};
		6EDDF7752DFC9BF9009A80AA /* Release */ = {
			isa = XCBuildConfiguration;
			baseConfigurationReference = F817D57D0130BED972414DD1 /* Pods-Podcast-SwiftUI.release.xcconfig */;
			buildSettings = {
				ASSETCATALOG_COMPILER_APPICON_NAME = AppIcon;
				ASSETCATALOG_COMPILER_GLOBAL_ACCENT_COLOR_NAME = AccentColor;
				CODE_SIGN_STYLE = Automatic;
				CURRENT_PROJECT_VERSION = 1;
				DEVELOPMENT_ASSET_PATHS = "\"Podcast-SwiftUI/Preview Content\"";
				ENABLE_PREVIEWS = YES;
				ENABLE_USER_SCRIPT_SANDBOXING = NO;
				GENERATE_INFOPLIST_FILE = YES;
				INFOPLIST_KEY_UIApplicationSceneManifest_Generation = YES;
				INFOPLIST_KEY_UIApplicationSupportsIndirectInputEvents = YES;
				INFOPLIST_KEY_UILaunchScreen_Generation = YES;
				INFOPLIST_KEY_UISupportedInterfaceOrientations_iPad = "UIInterfaceOrientationPortrait UIInterfaceOrientationPortraitUpsideDown UIInterfaceOrientationLandscapeLeft UIInterfaceOrientationLandscapeRight";
				INFOPLIST_KEY_UISupportedInterfaceOrientations_iPhone = "UIInterfaceOrientationPortrait UIInterfaceOrientationLandscapeLeft UIInterfaceOrientationLandscapeRight";
				LD_RUNPATH_SEARCH_PATHS = (
					"$(inherited)",
					"@executable_path/Frameworks",
				);
				MARKETING_VERSION = 1.0;
				PRODUCT_BUNDLE_IDENTIFIER = "com.practice.Podcast-SwiftUI";
				PRODUCT_NAME = "$(TARGET_NAME)";
				SWIFT_EMIT_LOC_STRINGS = YES;
				SWIFT_VERSION = 5.0;
				TARGETED_DEVICE_FAMILY = "1,2";
			};
			name = Release;
		};
		6EDDF7772DFC9BF9009A80AA /* Debug */ = {
			isa = XCBuildConfiguration;
			baseConfigurationReference = 16BD866BCA80BE0173DFA703 /* Pods-Podcast-SwiftUITests.debug.xcconfig */;
			buildSettings = {
				BUNDLE_LOADER = "$(TEST_HOST)";
				CODE_SIGN_STYLE = Automatic;
				CURRENT_PROJECT_VERSION = 1;
				GENERATE_INFOPLIST_FILE = YES;
				IPHONEOS_DEPLOYMENT_TARGET = 18.2;
				MARKETING_VERSION = 1.0;
				PRODUCT_BUNDLE_IDENTIFIER = "com.practice.Podcast-SwiftUITests";
				PRODUCT_NAME = "$(TARGET_NAME)";
				SWIFT_EMIT_LOC_STRINGS = NO;
				SWIFT_VERSION = 5.0;
				TARGETED_DEVICE_FAMILY = "1,2";
				TEST_HOST = "$(BUILT_PRODUCTS_DIR)/Podcast-SwiftUI.app/$(BUNDLE_EXECUTABLE_FOLDER_PATH)/Podcast-SwiftUI";
			};
			name = Debug;
		};
		6EDDF7782DFC9BF9009A80AA /* Release */ = {
			isa = XCBuildConfiguration;
			baseConfigurationReference = EC8A04BB8A9BD5510EAAE0E0 /* Pods-Podcast-SwiftUITests.release.xcconfig */;
			buildSettings = {
				BUNDLE_LOADER = "$(TEST_HOST)";
				CODE_SIGN_STYLE = Automatic;
				CURRENT_PROJECT_VERSION = 1;
				GENERATE_INFOPLIST_FILE = YES;
				IPHONEOS_DEPLOYMENT_TARGET = 18.2;
				MARKETING_VERSION = 1.0;
				PRODUCT_BUNDLE_IDENTIFIER = "com.practice.Podcast-SwiftUITests";
				PRODUCT_NAME = "$(TARGET_NAME)";
				SWIFT_EMIT_LOC_STRINGS = NO;
				SWIFT_VERSION = 5.0;
				TARGETED_DEVICE_FAMILY = "1,2";
				TEST_HOST = "$(BUILT_PRODUCTS_DIR)/Podcast-SwiftUI.app/$(BUNDLE_EXECUTABLE_FOLDER_PATH)/Podcast-SwiftUI";
			};
			name = Release;
		};
		6EDDF77A2DFC9BF9009A80AA /* Debug */ = {
			isa = XCBuildConfiguration;
			baseConfigurationReference = F19F1347482CBCED88297AC0 /* Pods-Podcast-SwiftUI-Podcast-SwiftUIUITests.debug.xcconfig */;
			buildSettings = {
				CODE_SIGN_STYLE = Automatic;
				CURRENT_PROJECT_VERSION = 1;
				GENERATE_INFOPLIST_FILE = YES;
				MARKETING_VERSION = 1.0;
				PRODUCT_BUNDLE_IDENTIFIER = "com.practice.Podcast-SwiftUIUITests";
				PRODUCT_NAME = "$(TARGET_NAME)";
				SWIFT_EMIT_LOC_STRINGS = NO;
				SWIFT_VERSION = 5.0;
				TARGETED_DEVICE_FAMILY = "1,2";
				TEST_TARGET_NAME = "Podcast-SwiftUI";
			};
			name = Debug;
		};
		6EDDF77B2DFC9BF9009A80AA /* Release */ = {
			isa = XCBuildConfiguration;
			baseConfigurationReference = 8A6A2C0F4A4B2E0A0C977A0D /* Pods-Podcast-SwiftUI-Podcast-SwiftUIUITests.release.xcconfig */;
			buildSettings = {
				CODE_SIGN_STYLE = Automatic;
				CURRENT_PROJECT_VERSION = 1;
				GENERATE_INFOPLIST_FILE = YES;
				MARKETING_VERSION = 1.0;
				PRODUCT_BUNDLE_IDENTIFIER = "com.practice.Podcast-SwiftUIUITests";
				PRODUCT_NAME = "$(TARGET_NAME)";
				SWIFT_EMIT_LOC_STRINGS = NO;
				SWIFT_VERSION = 5.0;
				TARGETED_DEVICE_FAMILY = "1,2";
				TEST_TARGET_NAME = "Podcast-SwiftUI";
			};
			name = Release;
		};
/* End XCBuildConfiguration section */

/* Begin XCConfigurationList section */
		6EDDF74A2DFC9BF7009A80AA /* Build configuration list for PBXProject "Podcast-SwiftUI" */ = {
			isa = XCConfigurationList;
			buildConfigurations = (
				6EDDF7712DFC9BF9009A80AA /* Debug */,
				6EDDF7722DFC9BF9009A80AA /* Release */,
			);
			defaultConfigurationIsVisible = 0;
			defaultConfigurationName = Release;
		};
		6EDDF7732DFC9BF9009A80AA /* Build configuration list for PBXNativeTarget "Podcast-SwiftUI" */ = {
			isa = XCConfigurationList;
			buildConfigurations = (
				6EDDF7742DFC9BF9009A80AA /* Debug */,
				6EDDF7752DFC9BF9009A80AA /* Release */,
			);
			defaultConfigurationIsVisible = 0;
			defaultConfigurationName = Release;
		};
		6EDDF7762DFC9BF9009A80AA /* Build configuration list for PBXNativeTarget "Podcast-SwiftUITests" */ = {
			isa = XCConfigurationList;
			buildConfigurations = (
				6EDDF7772DFC9BF9009A80AA /* Debug */,
				6EDDF7782DFC9BF9009A80AA /* Release */,
			);
			defaultConfigurationIsVisible = 0;
			defaultConfigurationName = Release;
		};
		6EDDF7792DFC9BF9009A80AA /* Build configuration list for PBXNativeTarget "Podcast-SwiftUIUITests" */ = {
			isa = XCConfigurationList;
			buildConfigurations = (
				6EDDF77A2DFC9BF9009A80AA /* Debug */,
				6EDDF77B2DFC9BF9009A80AA /* Release */,
			);
			defaultConfigurationIsVisible = 0;
			defaultConfigurationName = Release;
		};
/* End XCConfigurationList section */
	};
	rootObject = 6EDDF7472DFC9BF7009A80AA /* Project object */;
}
